// !$*UTF8*$!
{
	archiveVersion = 1;
	classes = {
	};
	objectVersion = 77;
	objects = {

/* Begin PBXContainerItemProxy section */
		7FA7C7272EDDD6C300033510 /* PBXContainerItemProxy */ = {
			isa = PBXContainerItemProxy;
			containerPortal = 7FB5D37D2EDD03530019BE7E /* Project object */;
			proxyType = 1;
			remoteGlobalIDString = 7FB5D3842EDD03530019BE7E;
			remoteInfo = NubankMobileTest;
		};
		7FA7C74D2EDDE39500033510 /* PBXContainerItemProxy */ = {
			isa = PBXContainerItemProxy;
			containerPortal = 7FB5D37D2EDD03530019BE7E /* Project object */;
			proxyType = 1;
			remoteGlobalIDString = 7FB5D3842EDD03530019BE7E;
			remoteInfo = NubankMobileTest;
		};
/* End PBXContainerItemProxy section */

/* Begin PBXFileReference section */
		7FA7C7232EDDD6C200033510 /* NubankMobileTestTests.xctest */ = {isa = PBXFileReference; explicitFileType = wrapper.cfbundle; includeInIndex = 0; path = NubankMobileTestTests.xctest; sourceTree = BUILT_PRODUCTS_DIR; };
		7FA7C7472EDDE39400033510 /* NubankMobileTestUITests.xctest */ = {isa = PBXFileReference; explicitFileType = wrapper.cfbundle; includeInIndex = 0; path = NubankMobileTestUITests.xctest; sourceTree = BUILT_PRODUCTS_DIR; };
		7FB5D3852EDD03530019BE7E /* NubankMobileTest.app */ = {isa = PBXFileReference; explicitFileType = wrapper.application; includeInIndex = 0; path = NubankMobileTest.app; sourceTree = BUILT_PRODUCTS_DIR; };
/* End PBXFileReference section */

/* Begin PBXFileSystemSynchronizedRootGroup section */
		7FA7C7242EDDD6C300033510 /* NubankMobileTestTests */ = {
			isa = PBXFileSystemSynchronizedRootGroup;
			path = NubankMobileTestTests;
			sourceTree = "<group>";
		};
		7FA7C7482EDDE39500033510 /* NubankMobileTestUITests */ = {
			isa = PBXFileSystemSynchronizedRootGroup;
			path = NubankMobileTestUITests;
			sourceTree = "<group>";
		};
		7FB5D3872EDD03530019BE7E /* NubankMobileTest */ = {
			isa = PBXFileSystemSynchronizedRootGroup;
			path = NubankMobileTest;
			sourceTree = "<group>";
		};
/* End PBXFileSystemSynchronizedRootGroup section */

/* Begin PBXFrameworksBuildPhase section */
		7FA7C7202EDDD6C200033510 /* Frameworks */ = {
			isa = PBXFrameworksBuildPhase;
			buildActionMask = 2147483647;
			files = (
			);
			runOnlyForDeploymentPostprocessing = 0;
		};
		7FA7C7442EDDE39400033510 /* Frameworks */ = {
			isa = PBXFrameworksBuildPhase;
			buildActionMask = 2147483647;
			files = (
			);
			runOnlyForDeploymentPostprocessing = 0;
		};
		7FB5D3822EDD03530019BE7E /* Frameworks */ = {
			isa = PBXFrameworksBuildPhase;
			buildActionMask = 2147483647;
			files = (
			);
			runOnlyForDeploymentPostprocessing = 0;
		};
/* End PBXFrameworksBuildPhase section */

/* Begin PBXGroup section */
		7FB5D37C2EDD03530019BE7E = {
			isa = PBXGroup;
			children = (
				7FB5D3872EDD03530019BE7E /* NubankMobileTest */,
				7FA7C7242EDDD6C300033510 /* NubankMobileTestTests */,
				7FA7C7482EDDE39500033510 /* NubankMobileTestUITests */,
				7FB5D3862EDD03530019BE7E /* Products */,
			);
			sourceTree = "<group>";
		};
		7FB5D3862EDD03530019BE7E /* Products */ = {
			isa = PBXGroup;
			children = (
				7FB5D3852EDD03530019BE7E /* NubankMobileTest.app */,
				7FA7C7232EDDD6C200033510 /* NubankMobileTestTests.xctest */,
				7FA7C7472EDDE39400033510 /* NubankMobileTestUITests.xctest */,
			);
			name = Products;
			sourceTree = "<group>";
		};
/* End PBXGroup section */

/* Begin PBXNativeTarget section */
		7FA7C7222EDDD6C200033510 /* NubankMobileTestTests */ = {
			isa = PBXNativeTarget;
			buildConfigurationList = 7FA7C72B2EDDD6C300033510 /* Build configuration list for PBXNativeTarget "NubankMobileTestTests" */;
			buildPhases = (
				7FA7C71F2EDDD6C200033510 /* Sources */,
				7FA7C7202EDDD6C200033510 /* Frameworks */,
				7FA7C7212EDDD6C200033510 /* Resources */,
			);
			buildRules = (
			);
			dependencies = (
				7FA7C7282EDDD6C300033510 /* PBXTargetDependency */,
			);
			fileSystemSynchronizedGroups = (
				7FA7C7242EDDD6C300033510 /* NubankMobileTestTests */,
			);
			name = NubankMobileTestTests;
			packageProductDependencies = (
			);
			productName = NubankMobileTestTests;
			productReference = 7FA7C7232EDDD6C200033510 /* NubankMobileTestTests.xctest */;
			productType = "com.apple.product-type.bundle.unit-test";
		};
		7FA7C7462EDDE39400033510 /* NubankMobileTestUITests */ = {
			isa = PBXNativeTarget;
			buildConfigurationList = 7FA7C74F2EDDE39500033510 /* Build configuration list for PBXNativeTarget "NubankMobileTestUITests" */;
			buildPhases = (
				7FA7C7432EDDE39400033510 /* Sources */,
				7FA7C7442EDDE39400033510 /* Frameworks */,
				7FA7C7452EDDE39400033510 /* Resources */,
			);
			buildRules = (
			);
			dependencies = (
				7FA7C74E2EDDE39500033510 /* PBXTargetDependency */,
			);
			fileSystemSynchronizedGroups = (
				7FA7C7482EDDE39500033510 /* NubankMobileTestUITests */,
			);
			name = NubankMobileTestUITests;
			packageProductDependencies = (
			);
			productName = NubankMobileTestUITests;
			productReference = 7FA7C7472EDDE39400033510 /* NubankMobileTestUITests.xctest */;
			productType = "com.apple.product-type.bundle.ui-testing";
		};
		7FB5D3842EDD03530019BE7E /* NubankMobileTest */ = {
			isa = PBXNativeTarget;
			buildConfigurationList = 7FB5D3902EDD03550019BE7E /* Build configuration list for PBXNativeTarget "NubankMobileTest" */;
			buildPhases = (
				7FB5D3812EDD03530019BE7E /* Sources */,
				7FB5D3822EDD03530019BE7E /* Frameworks */,
				7FB5D3832EDD03530019BE7E /* Resources */,
			);
			buildRules = (
			);
			dependencies = (
			);
			fileSystemSynchronizedGroups = (
				7FB5D3872EDD03530019BE7E /* NubankMobileTest */,
			);
			name = NubankMobileTest;
			packageProductDependencies = (
			);
			productName = NubankMobileTest;
			productReference = 7FB5D3852EDD03530019BE7E /* NubankMobileTest.app */;
			productType = "com.apple.product-type.application";
		};
/* End PBXNativeTarget section */

/* Begin PBXProject section */
		7FB5D37D2EDD03530019BE7E /* Project object */ = {
			isa = PBXProject;
			attributes = {
				BuildIndependentTargetsInParallel = 1;
				LastSwiftUpdateCheck = 2600;
				LastUpgradeCheck = 2600;
				TargetAttributes = {
					7FA7C7222EDDD6C200033510 = {
						CreatedOnToolsVersion = 26.0;
						TestTargetID = 7FB5D3842EDD03530019BE7E;
					};
					7FA7C7462EDDE39400033510 = {
						CreatedOnToolsVersion = 26.0;
						TestTargetID = 7FB5D3842EDD03530019BE7E;
					};
					7FB5D3842EDD03530019BE7E = {
						CreatedOnToolsVersion = 26.0;
					};
				};
			};
			buildConfigurationList = 7FB5D3802EDD03530019BE7E /* Build configuration list for PBXProject "NubankMobileTest" */;
			developmentRegion = en;
			hasScannedForEncodings = 0;
			knownRegions = (
				en,
				Base,
			);
			mainGroup = 7FB5D37C2EDD03530019BE7E;
			minimizedProjectReferenceProxies = 1;
			preferredProjectObjectVersion = 77;
			productRefGroup = 7FB5D3862EDD03530019BE7E /* Products */;
			projectDirPath = "";
			projectRoot = "";
			targets = (
				7FB5D3842EDD03530019BE7E /* NubankMobileTest */,
				7FA7C7222EDDD6C200033510 /* NubankMobileTestTests */,
				7FA7C7462EDDE39400033510 /* NubankMobileTestUITests */,
			);
		};
/* End PBXProject section */

/* Begin PBXResourcesBuildPhase section */
		7FA7C7212EDDD6C200033510 /* Resources */ = {
			isa = PBXResourcesBuildPhase;
			buildActionMask = 2147483647;
			files = (
			);
			runOnlyForDeploymentPostprocessing = 0;
		};
		7FA7C7452EDDE39400033510 /* Resources */ = {
			isa = PBXResourcesBuildPhase;
			buildActionMask = 2147483647;
			files = (
			);
			runOnlyForDeploymentPostprocessing = 0;
		};
		7FB5D3832EDD03530019BE7E /* Resources */ = {
			isa = PBXResourcesBuildPhase;
			buildActionMask = 2147483647;
			files = (
			);
			runOnlyForDeploymentPostprocessing = 0;
		};
/* End PBXResourcesBuildPhase section */

/* Begin PBXSourcesBuildPhase section */
		7FA7C71F2EDDD6C200033510 /* Sources */ = {
			isa = PBXSourcesBuildPhase;
			buildActionMask = 2147483647;
			files = (
			);
			runOnlyForDeploymentPostprocessing = 0;
		};
		7FA7C7432EDDE39400033510 /* Sources */ = {
			isa = PBXSourcesBuildPhase;
			buildActionMask = 2147483647;
			files = (
			);
			runOnlyForDeploymentPostprocessing = 0;
		};
		7FB5D3812EDD03530019BE7E /* Sources */ = {
			isa = PBXSourcesBuildPhase;
			buildActionMask = 2147483647;
			files = (
			);
			runOnlyForDeploymentPostprocessing = 0;
		};
/* End PBXSourcesBuildPhase section */

/* Begin PBXTargetDependency section */
		7FA7C7282EDDD6C300033510 /* PBXTargetDependency */ = {
			isa = PBXTargetDependency;
			target = 7FB5D3842EDD03530019BE7E /* NubankMobileTest */;
			targetProxy = 7FA7C7272EDDD6C300033510 /* PBXContainerItemProxy */;
		};
		7FA7C74E2EDDE39500033510 /* PBXTargetDependency */ = {
			isa = PBXTargetDependency;
			target = 7FB5D3842EDD03530019BE7E /* NubankMobileTest */;
			targetProxy = 7FA7C74D2EDDE39500033510 /* PBXContainerItemProxy */;
		};
/* End PBXTargetDependency section */

/* Begin XCBuildConfiguration section */
		7FA7C7292EDDD6C300033510 /* Debug */ = {
			isa = XCBuildConfiguration;
			buildSettings = {
				BUNDLE_LOADER = "$(TEST_HOST)";
				CODE_SIGN_STYLE = Automatic;
				CURRENT_PROJECT_VERSION = 1;
				DEVELOPMENT_TEAM = 22GD85QNU8;
				GENERATE_INFOPLIST_FILE = YES;
				MARKETING_VERSION = 1.0;
				PRODUCT_BUNDLE_IDENTIFIER = jeancarlosaps.NubankMobileTestTests;
				PRODUCT_NAME = "$(TARGET_NAME)";
				STRING_CATALOG_GENERATE_SYMBOLS = NO;
				SWIFT_EMIT_LOC_STRINGS = NO;
				SWIFT_UPCOMING_FEATURE_MEMBER_IMPORT_VISIBILITY = YES;
				SWIFT_VERSION = 5.0;
				TARGETED_DEVICE_FAMILY = "1,2";
				TEST_HOST = "$(BUILT_PRODUCTS_DIR)/NubankMobileTest.app/$(BUNDLE_EXECUTABLE_FOLDER_PATH)/NubankMobileTest";
			};
			name = Debug;
		};
		7FA7C72A2EDDD6C300033510 /* Release */ = {
			isa = XCBuildConfiguration;
			buildSettings = {
				BUNDLE_LOADER = "$(TEST_HOST)";
				CODE_SIGN_STYLE = Automatic;
				CURRENT_PROJECT_VERSION = 1;
				DEVELOPMENT_TEAM = 22GD85QNU8;
				GENERATE_INFOPLIST_FILE = YES;
				MARKETING_VERSION = 1.0;
				PRODUCT_BUNDLE_IDENTIFIER = jeancarlosaps.NubankMobileTestTests;
				PRODUCT_NAME = "$(TARGET_NAME)";
				STRING_CATALOG_GENERATE_SYMBOLS = NO;
				SWIFT_EMIT_LOC_STRINGS = NO;
				SWIFT_UPCOMING_FEATURE_MEMBER_IMPORT_VISIBILITY = YES;
				SWIFT_VERSION = 5.0;
				TARGETED_DEVICE_FAMILY = "1,2";
				TEST_HOST = "$(BUILT_PRODUCTS_DIR)/NubankMobileTest.app/$(BUNDLE_EXECUTABLE_FOLDER_PATH)/NubankMobileTest";
			};
			name = Release;
		};
		7FA7C7502EDDE39500033510 /* Debug */ = {
			isa = XCBuildConfiguration;
			buildSettings = {
				CODE_SIGN_STYLE = Automatic;
				CURRENT_PROJECT_VERSION = 1;
				DEVELOPMENT_TEAM = 22GD85QNU8;
				GENERATE_INFOPLIST_FILE = YES;
				MARKETING_VERSION = 1.0;
				PRODUCT_BUNDLE_IDENTIFIER = jeancarlosaps.NubankMobileTestUITests;
				PRODUCT_NAME = "$(TARGET_NAME)";
				STRING_CATALOG_GENERATE_SYMBOLS = NO;
				SWIFT_EMIT_LOC_STRINGS = NO;
				SWIFT_UPCOMING_FEATURE_MEMBER_IMPORT_VISIBILITY = YES;
				SWIFT_VERSION = 5.0;
				TARGETED_DEVICE_FAMILY = "1,2";
				TEST_TARGET_NAME = NubankMobileTest;
			};
			name = Debug;
		};
		7FA7C7512EDDE39500033510 /* Release */ = {
			isa = XCBuildConfiguration;
			buildSettings = {
				CODE_SIGN_STYLE = Automatic;
				CURRENT_PROJECT_VERSION = 1;
				DEVELOPMENT_TEAM = 22GD85QNU8;
				GENERATE_INFOPLIST_FILE = YES;
				MARKETING_VERSION = 1.0;
				PRODUCT_BUNDLE_IDENTIFIER = jeancarlosaps.NubankMobileTestUITests;
				PRODUCT_NAME = "$(TARGET_NAME)";
				STRING_CATALOG_GENERATE_SYMBOLS = NO;
				SWIFT_EMIT_LOC_STRINGS = NO;
				SWIFT_UPCOMING_FEATURE_MEMBER_IMPORT_VISIBILITY = YES;
				SWIFT_VERSION = 5.0;
				TARGETED_DEVICE_FAMILY = "1,2";
				TEST_TARGET_NAME = NubankMobileTest;
			};
			name = Release;
		};
		7FB5D38E2EDD03550019BE7E /* Debug */ = {
			isa = XCBuildConfiguration;
			buildSettings = {
				ALWAYS_SEARCH_USER_PATHS = NO;
				ASSETCATALOG_COMPILER_GENERATE_SWIFT_ASSET_SYMBOL_EXTENSIONS = YES;
				CLANG_ANALYZER_NONNULL = YES;
				CLANG_ANALYZER_NUMBER_OBJECT_CONVERSION = YES_AGGRESSIVE;
				CLANG_CXX_LANGUAGE_STANDARD = "gnu++20";
				CLANG_ENABLE_MODULES = YES;
				CLANG_ENABLE_OBJC_ARC = YES;
				CLANG_ENABLE_OBJC_WEAK = YES;
				CLANG_WARN_BLOCK_CAPTURE_AUTORELEASING = YES;
				CLANG_WARN_BOOL_CONVERSION = YES;
				CLANG_WARN_COMMA = YES;
				CLANG_WARN_CONSTANT_CONVERSION = YES;
				CLANG_WARN_DEPRECATED_OBJC_IMPLEMENTATIONS = YES;
				CLANG_WARN_DIRECT_OBJC_ISA_USAGE = YES_ERROR;
				CLANG_WARN_DOCUMENTATION_COMMENTS = YES;
				CLANG_WARN_EMPTY_BODY = YES;
				CLANG_WARN_ENUM_CONVERSION = YES;
				CLANG_WARN_INFINITE_RECURSION = YES;
				CLANG_WARN_INT_CONVERSION = YES;
				CLANG_WARN_NON_LITERAL_NULL_CONVERSION = YES;
				CLANG_WARN_OBJC_IMPLICIT_RETAIN_SELF = YES;
				CLANG_WARN_OBJC_LITERAL_CONVERSION = YES;
				CLANG_WARN_OBJC_ROOT_CLASS = YES_ERROR;
				CLANG_WARN_QUOTED_INCLUDE_IN_FRAMEWORK_HEADER = YES;
				CLANG_WARN_RANGE_LOOP_ANALYSIS = YES;
				CLANG_WARN_STRICT_PROTOTYPES = YES;
				CLANG_WARN_SUSPICIOUS_MOVE = YES;
				CLANG_WARN_UNGUARDED_AVAILABILITY = YES_AGGRESSIVE;
				CLANG_WARN_UNREACHABLE_CODE = YES;
				CLANG_WARN__DUPLICATE_METHOD_MATCH = YES;
				COPY_PHASE_STRIP = NO;
				DEBUG_INFORMATION_FORMAT = dwarf;
				DEVELOPMENT_TEAM = 22GD85QNU8;
				ENABLE_STRICT_OBJC_MSGSEND = YES;
				ENABLE_TESTABILITY = YES;
				ENABLE_USER_SCRIPT_SANDBOXING = YES;
				GCC_C_LANGUAGE_STANDARD = gnu17;
				GCC_DYNAMIC_NO_PIC = NO;
				GCC_NO_COMMON_BLOCKS = YES;
				GCC_OPTIMIZATION_LEVEL = 0;
				GCC_PREPROCESSOR_DEFINITIONS = (
					"DEBUG=1",
					"$(inherited)",
				);
				GCC_WARN_64_TO_32_BIT_CONVERSION = YES;
				GCC_WARN_ABOUT_RETURN_TYPE = YES_ERROR;
				GCC_WARN_UNDECLARED_SELECTOR = YES;
				GCC_WARN_UNINITIALIZED_AUTOS = YES_AGGRESSIVE;
				GCC_WARN_UNUSED_FUNCTION = YES;
				GCC_WARN_UNUSED_VARIABLE = YES;
				IPHONEOS_DEPLOYMENT_TARGET = 26.0;
				LOCALIZATION_PREFERS_STRING_CATALOGS = YES;
				MTL_ENABLE_DEBUG_INFO = INCLUDE_SOURCE;
				MTL_FAST_MATH = YES;
				ONLY_ACTIVE_ARCH = YES;
				SDKROOT = iphoneos;
				SWIFT_ACTIVE_COMPILATION_CONDITIONS = "DEBUG $(inherited)";
				SWIFT_OPTIMIZATION_LEVEL = "-Onone";
			};
			name = Debug;
		};
		7FB5D38F2EDD03550019BE7E /* Release */ = {
			isa = XCBuildConfiguration;
			buildSettings = {
				ALWAYS_SEARCH_USER_PATHS = NO;
				ASSETCATALOG_COMPILER_GENERATE_SWIFT_ASSET_SYMBOL_EXTENSIONS = YES;
				CLANG_ANALYZER_NONNULL = YES;
				CLANG_ANALYZER_NUMBER_OBJECT_CONVERSION = YES_AGGRESSIVE;
				CLANG_CXX_LANGUAGE_STANDARD = "gnu++20";
				CLANG_ENABLE_MODULES = YES;
				CLANG_ENABLE_OBJC_ARC = YES;
				CLANG_ENABLE_OBJC_WEAK = YES;
				CLANG_WARN_BLOCK_CAPTURE_AUTORELEASING = YES;
				CLANG_WARN_BOOL_CONVERSION = YES;
				CLANG_WARN_COMMA = YES;
				CLANG_WARN_CONSTANT_CONVERSION = YES;
				CLANG_WARN_DEPRECATED_OBJC_IMPLEMENTATIONS = YES;
				CLANG_WARN_DIRECT_OBJC_ISA_USAGE = YES_ERROR;
				CLANG_WARN_DOCUMENTATION_COMMENTS = YES;
				CLANG_WARN_EMPTY_BODY = YES;
				CLANG_WARN_ENUM_CONVERSION = YES;
				CLANG_WARN_INFINITE_RECURSION = YES;
				CLANG_WARN_INT_CONVERSION = YES;
				CLANG_WARN_NON_LITERAL_NULL_CONVERSION = YES;
				CLANG_WARN_OBJC_IMPLICIT_RETAIN_SELF = YES;
				CLANG_WARN_OBJC_LITERAL_CONVERSION = YES;
				CLANG_WARN_OBJC_ROOT_CLASS = YES_ERROR;
				CLANG_WARN_QUOTED_INCLUDE_IN_FRAMEWORK_HEADER = YES;
				CLANG_WARN_RANGE_LOOP_ANALYSIS = YES;
				CLANG_WARN_STRICT_PROTOTYPES = YES;
				CLANG_WARN_SUSPICIOUS_MOVE = YES;
				CLANG_WARN_UNGUARDED_AVAILABILITY = YES_AGGRESSIVE;
				CLANG_WARN_UNREACHABLE_CODE = YES;
				CLANG_WARN__DUPLICATE_METHOD_MATCH = YES;
				COPY_PHASE_STRIP = NO;
				DEBUG_INFORMATION_FORMAT = "dwarf-with-dsym";
				DEVELOPMENT_TEAM = 22GD85QNU8;
				ENABLE_NS_ASSERTIONS = NO;
				ENABLE_STRICT_OBJC_MSGSEND = YES;
				ENABLE_USER_SCRIPT_SANDBOXING = YES;
				GCC_C_LANGUAGE_STANDARD = gnu17;
				GCC_NO_COMMON_BLOCKS = YES;
				GCC_WARN_64_TO_32_BIT_CONVERSION = YES;
				GCC_WARN_ABOUT_RETURN_TYPE = YES_ERROR;
				GCC_WARN_UNDECLARED_SELECTOR = YES;
				GCC_WARN_UNINITIALIZED_AUTOS = YES_AGGRESSIVE;
				GCC_WARN_UNUSED_FUNCTION = YES;
				GCC_WARN_UNUSED_VARIABLE = YES;
				IPHONEOS_DEPLOYMENT_TARGET = 26.0;
				LOCALIZATION_PREFERS_STRING_CATALOGS = YES;
				MTL_ENABLE_DEBUG_INFO = NO;
				MTL_FAST_MATH = YES;
				SDKROOT = iphoneos;
				SWIFT_COMPILATION_MODE = wholemodule;
				VALIDATE_PRODUCT = YES;
			};
			name = Release;
		};
		7FB5D3912EDD03550019BE7E /* Debug */ = {
			isa = XCBuildConfiguration;
			buildSettings = {
				ASSETCATALOG_COMPILER_APPICON_NAME = AppIcon;
				ASSETCATALOG_COMPILER_GLOBAL_ACCENT_COLOR_NAME = AccentColor;
				CODE_SIGN_STYLE = Automatic;
				CURRENT_PROJECT_VERSION = 1;
				DEVELOPMENT_TEAM = 22GD85QNU8;
				ENABLE_PREVIEWS = YES;
				GENERATE_INFOPLIST_FILE = YES;
				INFOPLIST_KEY_UIApplicationSceneManifest_Generation = YES;
				INFOPLIST_KEY_UIApplicationSupportsIndirectInputEvents = YES;
				INFOPLIST_KEY_UILaunchScreen_Generation = YES;
				INFOPLIST_KEY_UISupportedInterfaceOrientations_iPad = "UIInterfaceOrientationPortrait UIInterfaceOrientationPortraitUpsideDown UIInterfaceOrientationLandscapeLeft UIInterfaceOrientationLandscapeRight";
				INFOPLIST_KEY_UISupportedInterfaceOrientations_iPhone = "UIInterfaceOrientationPortrait UIInterfaceOrientationLandscapeLeft UIInterfaceOrientationLandscapeRight";
				LD_RUNPATH_SEARCH_PATHS = (
					"$(inherited)",
					"@executable_path/Frameworks",
				);
				MARKETING_VERSION = 1.0;
				PRODUCT_BUNDLE_IDENTIFIER = jeancarlosaps.NubankMobileTest;
				PRODUCT_NAME = "$(TARGET_NAME)";
				STRING_CATALOG_GENERATE_SYMBOLS = YES;
				SWIFT_DEFAULT_ACTOR_ISOLATION = MainActor;
				SWIFT_EMIT_LOC_STRINGS = YES;
				SWIFT_UPCOMING_FEATURE_MEMBER_IMPORT_VISIBILITY = YES;
				SWIFT_VERSION = 5.0;
				TARGETED_DEVICE_FAMILY = "1,2";
			};
			name = Debug;
		};
		7FB5D3922EDD03550019BE7E /* Release */ = {
			isa = XCBuildConfiguration;
			buildSettings = {
				ASSETCATALOG_COMPILER_APPICON_NAME = AppIcon;
				ASSETCATALOG_COMPILER_GLOBAL_ACCENT_COLOR_NAME = AccentColor;
				CODE_SIGN_STYLE = Automatic;
				CURRENT_PROJECT_VERSION = 1;
				DEVELOPMENT_TEAM = 22GD85QNU8;
				ENABLE_PREVIEWS = YES;
				GENERATE_INFOPLIST_FILE = YES;
				INFOPLIST_KEY_UIApplicationSceneManifest_Generation = YES;
				INFOPLIST_KEY_UIApplicationSupportsIndirectInputEvents = YES;
				INFOPLIST_KEY_UILaunchScreen_Generation = YES;
				INFOPLIST_KEY_UISupportedInterfaceOrientations_iPad = "UIInterfaceOrientationPortrait UIInterfaceOrientationPortraitUpsideDown UIInterfaceOrientationLandscapeLeft UIInterfaceOrientationLandscapeRight";
				INFOPLIST_KEY_UISupportedInterfaceOrientations_iPhone = "UIInterfaceOrientationPortrait UIInterfaceOrientationLandscapeLeft UIInterfaceOrientationLandscapeRight";
				LD_RUNPATH_SEARCH_PATHS = (
					"$(inherited)",
					"@executable_path/Frameworks",
				);
				MARKETING_VERSION = 1.0;
				PRODUCT_BUNDLE_IDENTIFIER = jeancarlosaps.NubankMobileTest;
				PRODUCT_NAME = "$(TARGET_NAME)";
				STRING_CATALOG_GENERATE_SYMBOLS = YES;
				SWIFT_DEFAULT_ACTOR_ISOLATION = MainActor;
				SWIFT_EMIT_LOC_STRINGS = YES;
				SWIFT_UPCOMING_FEATURE_MEMBER_IMPORT_VISIBILITY = YES;
				SWIFT_VERSION = 5.0;
				TARGETED_DEVICE_FAMILY = "1,2";
			};
			name = Release;
		};
/* End XCBuildConfiguration section */

/* Begin XCConfigurationList section */
		7FA7C72B2EDDD6C300033510 /* Build configuration list for PBXNativeTarget "NubankMobileTestTests" */ = {
			isa = XCConfigurationList;
			buildConfigurations = (
				7FA7C7292EDDD6C300033510 /* Debug */,
				7FA7C72A2EDDD6C300033510 /* Release */,
			);
			defaultConfigurationIsVisible = 0;
			defaultConfigurationName = Release;
		};
		7FA7C74F2EDDE39500033510 /* Build configuration list for PBXNativeTarget "NubankMobileTestUITests" */ = {
			isa = XCConfigurationList;
			buildConfigurations = (
				7FA7C7502EDDE39500033510 /* Debug */,
				7FA7C7512EDDE39500033510 /* Release */,
			);
			defaultConfigurationIsVisible = 0;
			defaultConfigurationName = Release;
		};
		7FB5D3802EDD03530019BE7E /* Build configuration list for PBXProject "NubankMobileTest" */ = {
			isa = XCConfigurationList;
			buildConfigurations = (
				7FB5D38E2EDD03550019BE7E /* Debug */,
				7FB5D38F2EDD03550019BE7E /* Release */,
			);
			defaultConfigurationIsVisible = 0;
			defaultConfigurationName = Release;
		};
		7FB5D3902EDD03550019BE7E /* Build configuration list for PBXNativeTarget "NubankMobileTest" */ = {
			isa = XCConfigurationList;
			buildConfigurations = (
				7FB5D3912EDD03550019BE7E /* Debug */,
				7FB5D3922EDD03550019BE7E /* Release */,
			);
			defaultConfigurationIsVisible = 0;
			defaultConfigurationName = Release;
		};
/* End XCConfigurationList section */
	};
	rootObject = 7FB5D37D2EDD03530019BE7E /* Project object */;
}
